
Microsoft Visual Studio Solution File, Format Version 12.00
# Visual Studio Version 16
VisualStudioVersion = 16.0.32929.386
MinimumVisualStudioVersion = 10.0.40219.1
Project("{FAE04EC0-301F-11D3-BF4B-00C04F79EFBC}") = "LoLAccountManager", "LoLAccountManager\LoLAccountManager.csproj", "{1862DAD3-F2F4-4270-93F9-98AC8B0DECC9}"
EndProject
Global
	GlobalSection(SolutionConfigurationPlatforms) = preSolution
		Debug|Any CPU = Debug|Any CPU
		Release|Any CPU = Release|Any CPU
	EndGlobalSection
	GlobalSection(ProjectConfigurationPlatforms) = postSolution
		{1862DAD3-F2F4-4270-93F9-98AC8B0DECC9}.Debug|Any CPU.ActiveCfg = Debug|Any CPU
		{1862DAD3-F2F4-4270-93F9-98AC8B0DECC9}.Debug|Any CPU.Build.0 = Debug|Any CPU
		{1862DAD3-F2F4-4270-93F9-98AC8B0DECC9}.Release|Any CPU.ActiveCfg = Release|Any CPU
		{1862DAD3-F2F4-4270-93F9-98AC8B0DECC9}.Release|Any CPU.Build.0 = Release|Any CPU
	EndGlobalSection
	GlobalSection(SolutionProperties) = preSolution
		HideSolutionNode = FALSE
	EndGlobalSection
	GlobalSection(ExtensibilityGlobals) = postSolution
		SolutionGuid = {C8F77F37-1ACE-41C7-BAD1-3356B7836894}
	EndGlobalSection
EndGlobal
